
Microsoft Visual Studio Solution File, Format Version 12.00
# Visual Studio 15
VisualStudioVersion = 15.0.28307.960
MinimumVisualStudioVersion = 10.0.40219.1
Project("{FAE04EC0-301F-11D3-BF4B-00C04F79EFBC}") = "Stack.LinkedLIst", "Stack\Stack.LinkedLIst.csproj", "{E82D6917-69B5-4791-96AA-E72611D90F79}"
EndProject
Project("{FAE04EC0-301F-11D3-BF4B-00C04F79EFBC}") = "Stack.Array", "Stack.Array\Stack.Array.csproj", "{82E44D47-C26A-4F00-9B4D-6C4AB75FB76E}"
EndProject
Global
	GlobalSection(SolutionConfigurationPlatforms) = preSolution
		Debug|Any CPU = Debug|Any CPU
		Release|Any CPU = Release|Any CPU
	EndGlobalSection
	GlobalSection(ProjectConfigurationPlatforms) = postSolution
		{E82D6917-69B5-4791-96AA-E72611D90F79}.Debug|Any CPU.ActiveCfg = Debug|Any CPU
		{E82D6917-69B5-4791-96AA-E72611D90F79}.Debug|Any CPU.Build.0 = Debug|Any CPU
		{E82D6917-69B5-4791-96AA-E72611D90F79}.Release|Any CPU.ActiveCfg = Release|Any CPU
		{E82D6917-69B5-4791-96AA-E72611D90F79}.Release|Any CPU.Build.0 = Release|Any CPU
		{82E44D47-C26A-4F00-9B4D-6C4AB75FB76E}.Debug|Any CPU.ActiveCfg = Debug|Any CPU
		{82E44D47-C26A-4F00-9B4D-6C4AB75FB76E}.Debug|Any CPU.Build.0 = Debug|Any CPU
		{82E44D47-C26A-4F00-9B4D-6C4AB75FB76E}.Release|Any CPU.ActiveCfg = Release|Any CPU
		{82E44D47-C26A-4F00-9B4D-6C4AB75FB76E}.Release|Any CPU.Build.0 = Release|Any CPU
	EndGlobalSection
	GlobalSection(SolutionProperties) = preSolution
		HideSolutionNode = FALSE
	EndGlobalSection
	GlobalSection(ExtensibilityGlobals) = postSolution
		SolutionGuid = {01829611-0BB9-474D-8304-89E271E072FB}
	EndGlobalSection
EndGlobal
